
Microsoft Visual Studio Solution File, Format Version 12.00
# Visual Studio Version 18
VisualStudioVersion = 18.5.11709.299 stable
MinimumVisualStudioVersion = 10.0.40219.1
Project("{9A19103F-16F7-4668-BE54-9A1E7A4F7556}") = "MeaMod.Utilities", "MeaMod.Utilities\MeaMod.Utilities.csproj", "{F3E31E70-0547-4684-AAA6-198DF764329B}"
EndProject
Project("{9A19103F-16F7-4668-BE54-9A1E7A4F7556}") = "MeaMod.Utilities.UI.WinForms", "MeaMod.Utilities.UI.WinForms\MeaMod.Utilities.UI.WinForms.csproj", "{5B18280C-0132-4FDC-8462-A491DFAA607D}"
EndProject
Project("{9A19103F-16F7-4668-BE54-9A1E7A4F7556}") = "MeaMod.Utilities.Tests", "MeaMod.UtilitiesTests\MeaMod.Utilities.Tests.csproj", "{12C9EA47-6E82-4DBB-9D31-EAA3CB517376}"
EndProject
Project("{9A19103F-16F7-4668-BE54-9A1E7A4F7556}") = "MeaMod.Utilities.Security", "MeaMod.Utilities.Security\MeaMod.Utilities.Security.csproj", "{28FD0FF7-EF7B-4FC2-BBC5-5EEB7F703144}"
EndProject
Global
	GlobalSection(SolutionConfigurationPlatforms) = preSolution
		Debug|Any CPU = Debug|Any CPU
		Release|Any CPU = Release|Any CPU
	EndGlobalSection
	GlobalSection(ProjectConfigurationPlatforms) = postSolution
		{F3E31E70-0547-4684-AAA6-198DF764329B}.Debug|Any CPU.ActiveCfg = Debug|Any CPU
		{F3E31E70-0547-4684-AAA6-198DF764329B}.Debug|Any CPU.Build.0 = Debug|Any CPU
		{F3E31E70-0547-4684-AAA6-198DF764329B}.Release|Any CPU.ActiveCfg = Release|Any CPU
		{F3E31E70-0547-4684-AAA6-198DF764329B}.Release|Any CPU.Build.0 = Release|Any CPU
		{5B18280C-0132-4FDC-8462-A491DFAA607D}.Debug|Any CPU.ActiveCfg = Debug|Any CPU
		{5B18280C-0132-4FDC-8462-A491DFAA607D}.Debug|Any CPU.Build.0 = Debug|Any CPU
		{5B18280C-0132-4FDC-8462-A491DFAA607D}.Release|Any CPU.ActiveCfg = Release|Any CPU
		{5B18280C-0132-4FDC-8462-A491DFAA607D}.Release|Any CPU.Build.0 = Release|Any CPU
		{12C9EA47-6E82-4DBB-9D31-EAA3CB517376}.Debug|Any CPU.ActiveCfg = Debug|Any CPU
		{12C9EA47-6E82-4DBB-9D31-EAA3CB517376}.Debug|Any CPU.Build.0 = Debug|Any CPU
		{12C9EA47-6E82-4DBB-9D31-EAA3CB517376}.Release|Any CPU.ActiveCfg = Release|Any CPU
		{12C9EA47-6E82-4DBB-9D31-EAA3CB517376}.Release|Any CPU.Build.0 = Release|Any CPU
		{28FD0FF7-EF7B-4FC2-BBC5-5EEB7F703144}.Debug|Any CPU.ActiveCfg = Debug|Any CPU
		{28FD0FF7-EF7B-4FC2-BBC5-5EEB7F703144}.Debug|Any CPU.Build.0 = Debug|Any CPU
		{28FD0FF7-EF7B-4FC2-BBC5-5EEB7F703144}.Release|Any CPU.ActiveCfg = Release|Any CPU
		{28FD0FF7-EF7B-4FC2-BBC5-5EEB7F703144}.Release|Any CPU.Build.0 = Release|Any CPU
	EndGlobalSection
	GlobalSection(SolutionProperties) = preSolution
		HideSolutionNode = FALSE
	EndGlobalSection
	GlobalSection(ExtensibilityGlobals) = postSolution
		SolutionGuid = {15E1532B-2D5E-4BCC-98B1-2C1D45121660}
	EndGlobalSection
EndGlobal
